// !$*UTF8*$!
{
	archiveVersion = 1;
	classes = {
	};
	objectVersion = 46;
	objects = {

/* Begin PBXBuildFile section */
		163570331D5B02B50093CDF5 /* main.m in Sources */ = {isa = PBXBuildFile; fileRef = 163570321D5B02B50093CDF5 /* main.m */; };
		163570361D5B02B50093CDF5 /* AppDelegate.m in Sources */ = {isa = PBXBuildFile; fileRef = 163570351D5B02B50093CDF5 /* AppDelegate.m */; };
		1635703C1D5B02B50093CDF5 /* Main.storyboard in Resources */ = {isa = PBXBuildFile; fileRef = 1635703A1D5B02B50093CDF5 /* Main.storyboard */; };
		1635703E1D5B02B50093CDF5 /* Assets.xcassets in Resources */ = {isa = PBXBuildFile; fileRef = 1635703D1D5B02B50093CDF5 /* Assets.xcassets */; };
		163570411D5B02B50093CDF5 /* LaunchScreen.storyboard in Resources */ = {isa = PBXBuildFile; fileRef = 1635703F1D5B02B50093CDF5 /* LaunchScreen.storyboard */; };
		1635704C1D5B02B50093CDF5 /* HaNoiTravelTests.m in Sources */ = {isa = PBXBuildFile; fileRef = 1635704B1D5B02B50093CDF5 /* HaNoiTravelTests.m */; };
		163570571D5B02B50093CDF5 /* HaNoiTravelUITests.m in Sources */ = {isa = PBXBuildFile; fileRef = 163570561D5B02B50093CDF5 /* HaNoiTravelUITests.m */; };
		163570661D5B0B090093CDF5 /* DirectionService.m in Sources */ = {isa = PBXBuildFile; fileRef = 163570651D5B0B090093CDF5 /* DirectionService.m */; };
		163570691D5C24AD0093CDF5 /* MainViewController.m in Sources */ = {isa = PBXBuildFile; fileRef = 163570681D5C24AD0093CDF5 /* MainViewController.m */; };
		1A1F8A211E249E7300E2A0FA /* GoogleService-Info.plist in Resources */ = {isa = PBXBuildFile; fileRef = 1A1F8A201E249E7300E2A0FA /* GoogleService-Info.plist */; };
		1A1F8A271E24C28B00E2A0FA /* LoginViewController.m in Sources */ = {isa = PBXBuildFile; fileRef = 1A1F8A261E24C28B00E2A0FA /* LoginViewController.m */; };
		1A1F8A2D1E24C7E800E2A0FA /* bg_field_up.png in Resources */ = {isa = PBXBuildFile; fileRef = 1A1F8A2C1E24C7E800E2A0FA /* bg_field_up.png */; };
		1A1F8A2F1E24CA4200E2A0FA /* bg_field_down.png in Resources */ = {isa = PBXBuildFile; fileRef = 1A1F8A2E1E24CA4200E2A0FA /* bg_field_down.png */; };
		1A1F8A321E25D22100E2A0FA /* ic_facebook.png in Resources */ = {isa = PBXBuildFile; fileRef = 1A1F8A301E25D22100E2A0FA /* ic_facebook.png */; };
		1A1F8A331E25D22100E2A0FA /* ic_google.png in Resources */ = {isa = PBXBuildFile; fileRef = 1A1F8A311E25D22100E2A0FA /* ic_google.png */; };
		1A1F8A361E260A2900E2A0FA /* SignUpViewController.m in Sources */ = {isa = PBXBuildFile; fileRef = 1A1F8A351E260A2900E2A0FA /* SignUpViewController.m */; };
		1A1F8A391E260DA400E2A0FA /* SignUpSegue.m in Sources */ = {isa = PBXBuildFile; fileRef = 1A1F8A381E260DA400E2A0FA /* SignUpSegue.m */; };
		1A1F8A3C1E26300200E2A0FA /* ic_close.png in Resources */ = {isa = PBXBuildFile; fileRef = 1A1F8A3B1E26300200E2A0FA /* ic_close.png */; };
		1A2793B61E28D1EC00F15658 /* PlaceViewController.m in Sources */ = {isa = PBXBuildFile; fileRef = 1A2793B51E28D1EC00F15658 /* PlaceViewController.m */; };
		1A3E0E921E2893080059C6F7 /* RootViewController.m in Sources */ = {isa = PBXBuildFile; fileRef = 1A3E0E911E2893080059C6F7 /* RootViewController.m */; };
		1A3E0E981E2893D40059C6F7 /* MenuViewController.m in Sources */ = {isa = PBXBuildFile; fileRef = 1A3E0E971E2893D40059C6F7 /* MenuViewController.m */; };
		1A718BDE1E31B1C100ABAE8B /* ic_voice_red.png in Resources */ = {isa = PBXBuildFile; fileRef = 1A718BDD1E31B1C100ABAE8B /* ic_voice_red.png */; };
		1A718BE21E31E3F600ABAE8B /* PlaceCell.m in Sources */ = {isa = PBXBuildFile; fileRef = 1A718BE11E31E3F600ABAE8B /* PlaceCell.m */; };
		1A718BEE1E31F34400ABAE8B /* bg_test.jpg in Resources */ = {isa = PBXBuildFile; fileRef = 1A718BED1E31F34400ABAE8B /* bg_test.jpg */; };
		1A823F181E2C74DA009CDB52 /* MenuHeader.xib in Resources */ = {isa = PBXBuildFile; fileRef = 1A823F171E2C74DA009CDB52 /* MenuHeader.xib */; };
		1A823F1B1E2C74ED009CDB52 /* MenuHeader.m in Sources */ = {isa = PBXBuildFile; fileRef = 1A823F1A1E2C74ED009CDB52 /* MenuHeader.m */; };
		1A823F1F1E2C7615009CDB52 /* MenuCell.m in Sources */ = {isa = PBXBuildFile; fileRef = 1A823F1D1E2C7615009CDB52 /* MenuCell.m */; };
		1A823F201E2C7615009CDB52 /* MenuCell.xib in Resources */ = {isa = PBXBuildFile; fileRef = 1A823F1E1E2C7615009CDB52 /* MenuCell.xib */; };
		1A823F231E2C7A67009CDB52 /* User.m in Sources */ = {isa = PBXBuildFile; fileRef = 1A823F221E2C7A67009CDB52 /* User.m */; };
		1A909DBB1E35A5B300919395 /* StartMapViewController.m in Sources */ = {isa = PBXBuildFile; fileRef = 1A909DBA1E35A5B300919395 /* StartMapViewController.m */; };
		1A909DBD1E35A92A00919395 /* Account.storyboard in Resources */ = {isa = PBXBuildFile; fileRef = 1A909DBC1E35A92A00919395 /* Account.storyboard */; };
		1A909DC01E35D4D000919395 /* ic_back_black.png in Resources */ = {isa = PBXBuildFile; fileRef = 1A909DBF1E35D4D000919395 /* ic_back_black.png */; };
		1A9A3B771E3886CD003D6A4C /* ic_120.png in Resources */ = {isa = PBXBuildFile; fileRef = 1A9A3B741E3886CD003D6A4C /* ic_120.png */; };
		1A9A3B781E3886CD003D6A4C /* ic_180.png in Resources */ = {isa = PBXBuildFile; fileRef = 1A9A3B751E3886CD003D6A4C /* ic_180.png */; };
		1A9A3B791E3886CD003D6A4C /* ic_60.png in Resources */ = {isa = PBXBuildFile; fileRef = 1A9A3B761E3886CD003D6A4C /* ic_60.png */; };
		1A9A3B7C1E3887F2003D6A4C /* Place.m in Sources */ = {isa = PBXBuildFile; fileRef = 1A9A3B7B1E3887F2003D6A4C /* Place.m */; };
		1AE44A191E306A0D00C9A1CF /* TalkViewController.m in Sources */ = {isa = PBXBuildFile; fileRef = 1AE44A181E306A0D00C9A1CF /* TalkViewController.m */; };
		1AE44A1C1E306A1E00C9A1CF /* PromotionViewController.m in Sources */ = {isa = PBXBuildFile; fileRef = 1AE44A1B1E306A1E00C9A1CF /* PromotionViewController.m */; };
		1AE44A1E1E307CCF00C9A1CF /* ic_voice.png in Resources */ = {isa = PBXBuildFile; fileRef = 1AE44A1D1E307CCF00C9A1CF /* ic_voice.png */; };
		1AE44A201E307DCA00C9A1CF /* ic_search.png in Resources */ = {isa = PBXBuildFile; fileRef = 1AE44A1F1E307DCA00C9A1CF /* ic_search.png */; };
		1AE44A241E307E5300C9A1CF /* PlaceMapCell.m in Sources */ = {isa = PBXBuildFile; fileRef = 1AE44A231E307E5300C9A1CF /* PlaceMapCell.m */; };
		1AE44A271E307EA400C9A1CF /* MapView.m in Sources */ = {isa = PBXBuildFile; fileRef = 1AE44A261E307EA400C9A1CF /* MapView.m */; };
		1AE44A4D1E30BDDC00C9A1CF /* PlaceDetailViewController.m in Sources */ = {isa = PBXBuildFile; fileRef = 1AE44A4C1E30BDDC00C9A1CF /* PlaceDetailViewController.m */; };
		1AE44A4F1E30BEE600C9A1CF /* ic_back.png in Resources */ = {isa = PBXBuildFile; fileRef = 1AE44A4E1E30BEE600C9A1CF /* ic_back.png */; };
		7BE147CDA53F32D7A7C89222 /* libPods-HaNoiTravel.a in Frameworks */ = {isa = PBXBuildFile; fileRef = 6C1AC77D4C49CB256DBE58AA /* libPods-HaNoiTravel.a */; };
		CA34B01F1E31164A00556C49 /* DUSwipeMenuViewController.m in Sources */ = {isa = PBXBuildFile; fileRef = CA34B01E1E31164A00556C49 /* DUSwipeMenuViewController.m */; };
		CA34B0231E31194400556C49 /* DUSpinnerView.m in Sources */ = {isa = PBXBuildFile; fileRef = CA34B0221E31194400556C49 /* DUSpinnerView.m */; };
		CA42D8D91E26615A00A1F574 /* ic_close_blue.png in Resources */ = {isa = PBXBuildFile; fileRef = CA42D8D81E26615A00A1F574 /* ic_close_blue.png */; };
		CA42D8DC1E266C7800A1F574 /* NSString+Utils.m in Sources */ = {isa = PBXBuildFile; fileRef = CA42D8DB1E266C7800A1F574 /* NSString+Utils.m */; };
		CA42D8DF1E266CE800A1F574 /* Utils.m in Sources */ = {isa = PBXBuildFile; fileRef = CA42D8DE1E266CE800A1F574 /* Utils.m */; };
		CA42D8E81E268C0500A1F574 /* spinner_blue.png in Resources */ = {isa = PBXBuildFile; fileRef = CA42D8E61E268C0500A1F574 /* spinner_blue.png */; };
		CA42D8E91E268C0500A1F574 /* spinner_red.png in Resources */ = {isa = PBXBuildFile; fileRef = CA42D8E71E268C0500A1F574 /* spinner_red.png */; };
		CA91597F1E34B7F6001DB5CD /* GasStation.m in Sources */ = {isa = PBXBuildFile; fileRef = CA91597E1E34B7F6001DB5CD /* GasStation.m */; };
		CA9159821E34BA25001DB5CD /* PlacesManager.m in Sources */ = {isa = PBXBuildFile; fileRef = CA9159811E34BA25001DB5CD /* PlacesManager.m */; };
		CA9159861E34BD70001DB5CD /* GasManager.m in Sources */ = {isa = PBXBuildFile; fileRef = CA9159851E34BD70001DB5CD /* GasManager.m */; };
		CA91598A1E34C9BF001DB5CD /* gas_icon.png in Resources */ = {isa = PBXBuildFile; fileRef = CA9159891E34C9BF001DB5CD /* gas_icon.png */; };
		CA9159971E34CE92001DB5CD /* stars0.0.png in Resources */ = {isa = PBXBuildFile; fileRef = CA91598C1E34CE92001DB5CD /* stars0.0.png */; };
		CA9159981E34CE92001DB5CD /* stars0.5.png in Resources */ = {isa = PBXBuildFile; fileRef = CA91598D1E34CE92001DB5CD /* stars0.5.png */; };
		CA9159991E34CE92001DB5CD /* stars1.0.png in Resources */ = {isa = PBXBuildFile; fileRef = CA91598E1E34CE92001DB5CD /* stars1.0.png */; };
		CA91599A1E34CE92001DB5CD /* stars1.5.png in Resources */ = {isa = PBXBuildFile; fileRef = CA91598F1E34CE92001DB5CD /* stars1.5.png */; };
		CA91599B1E34CE92001DB5CD /* stars2.0.png in Resources */ = {isa = PBXBuildFile; fileRef = CA9159901E34CE92001DB5CD /* stars2.0.png */; };
		CA91599C1E34CE92001DB5CD /* stars2.5.png in Resources */ = {isa = PBXBuildFile; fileRef = CA9159911E34CE92001DB5CD /* stars2.5.png */; };
		CA91599D1E34CE92001DB5CD /* stars3.0.png in Resources */ = {isa = PBXBuildFile; fileRef = CA9159921E34CE92001DB5CD /* stars3.0.png */; };
		CA91599E1E34CE92001DB5CD /* stars3.5.png in Resources */ = {isa = PBXBuildFile; fileRef = CA9159931E34CE92001DB5CD /* stars3.5.png */; };
		CA91599F1E34CE92001DB5CD /* stars4.0.png in Resources */ = {isa = PBXBuildFile; fileRef = CA9159941E34CE92001DB5CD /* stars4.0.png */; };
		CA9159A01E34CE92001DB5CD /* stars4.5.png in Resources */ = {isa = PBXBuildFile; fileRef = CA9159951E34CE92001DB5CD /* stars4.5.png */; };
		CA9159A11E34CE92001DB5CD /* stars5.0.png in Resources */ = {isa = PBXBuildFile; fileRef = CA9159961E34CE92001DB5CD /* stars5.0.png */; };
		CA9159A41E34D636001DB5CD /* GasPlaceCell.m in Sources */ = {isa = PBXBuildFile; fileRef = CA9159A31E34D636001DB5CD /* GasPlaceCell.m */; };
/* End PBXBuildFile section */

/* Begin PBXContainerItemProxy section */
		163570481D5B02B50093CDF5 /* PBXContainerItemProxy */ = {
			isa = PBXContainerItemProxy;
			containerPortal = 163570261D5B02B40093CDF5 /* Project object */;
			proxyType = 1;
			remoteGlobalIDString = 1635702D1D5B02B50093CDF5;
			remoteInfo = HaNoiTravel;
		};
		163570531D5B02B50093CDF5 /* PBXContainerItemProxy */ = {
			isa = PBXContainerItemProxy;
			containerPortal = 163570261D5B02B40093CDF5 /* Project object */;
			proxyType = 1;
			remoteGlobalIDString = 1635702D1D5B02B50093CDF5;
			remoteInfo = HaNoiTravel;
		};
/* End PBXContainerItemProxy section */

/* Begin PBXCopyFilesBuildPhase section */
		1A2793CA1E28D5AB00F15658 /* Embed App Extensions */ = {
			isa = PBXCopyFilesBuildPhase;
			buildActionMask = 2147483647;
			dstPath = "";
			dstSubfolderSpec = 13;
			files = (
			);
			name = "Embed App Extensions";
			runOnlyForDeploymentPostprocessing = 0;
		};
/* End PBXCopyFilesBuildPhase section */

/* Begin PBXFileReference section */
		163570321D5B02B50093CDF5 /* main.m */ = {isa = PBXFileReference; lastKnownFileType = sourcecode.c.objc; path = main.m; sourceTree = "<group>"; };
		163570341D5B02B50093CDF5 /* AppDelegate.h */ = {isa = PBXFileReference; lastKnownFileType = sourcecode.c.h; path = AppDelegate.h; sourceTree = "<group>"; };
		163570351D5B02B50093CDF5 /* AppDelegate.m */ = {isa = PBXFileReference; lastKnownFileType = sourcecode.c.objc; path = AppDelegate.m; sourceTree = "<group>"; };
		1635703B1D5B02B50093CDF5 /* Base */ = {isa = PBXFileReference; lastKnownFileType = file.storyboard; name = Base; path = Base.lproj/Main.storyboard; sourceTree = "<group>"; };
		1635703D1D5B02B50093CDF5 /* Assets.xcassets */ = {isa = PBXFileReference; lastKnownFileType = folder.assetcatalog; path = Assets.xcassets; sourceTree = "<group>"; };
		163570401D5B02B50093CDF5 /* Base */ = {isa = PBXFileReference; lastKnownFileType = file.storyboard; name = Base; path = Base.lproj/LaunchScreen.storyboard; sourceTree = "<group>"; };
		163570421D5B02B50093CDF5 /* Info.plist */ = {isa = PBXFileReference; lastKnownFileType = text.plist.xml; name = Info.plist; path = HaNoiTravel/Info.plist; sourceTree = "<group>"; };
		1635704B1D5B02B50093CDF5 /* HaNoiTravelTests.m */ = {isa = PBXFileReference; lastKnownFileType = sourcecode.c.objc; path = HaNoiTravelTests.m; sourceTree = "<group>"; };
		1635704D1D5B02B50093CDF5 /* Info.plist */ = {isa = PBXFileReference; lastKnownFileType = text.plist.xml; path = Info.plist; sourceTree = "<group>"; };
		163570561D5B02B50093CDF5 /* HaNoiTravelUITests.m */ = {isa = PBXFileReference; lastKnownFileType = sourcecode.c.objc; path = HaNoiTravelUITests.m; sourceTree = "<group>"; };
		163570581D5B02B50093CDF5 /* Info.plist */ = {isa = PBXFileReference; lastKnownFileType = text.plist.xml; path = Info.plist; sourceTree = "<group>"; };
		163570641D5B0B090093CDF5 /* DirectionService.h */ = {isa = PBXFileReference; fileEncoding = 4; lastKnownFileType = sourcecode.c.h; path = DirectionService.h; sourceTree = "<group>"; };
		163570651D5B0B090093CDF5 /* DirectionService.m */ = {isa = PBXFileReference; fileEncoding = 4; lastKnownFileType = sourcecode.c.objc; path = DirectionService.m; sourceTree = "<group>"; };
		163570671D5C24AD0093CDF5 /* MainViewController.h */ = {isa = PBXFileReference; fileEncoding = 4; lastKnownFileType = sourcecode.c.h; path = MainViewController.h; sourceTree = "<group>"; };
		163570681D5C24AD0093CDF5 /* MainViewController.m */ = {isa = PBXFileReference; fileEncoding = 4; lastKnownFileType = sourcecode.c.objc; path = MainViewController.m; sourceTree = "<group>"; };
		1A1F8A201E249E7300E2A0FA /* GoogleService-Info.plist */ = {isa = PBXFileReference; fileEncoding = 4; lastKnownFileType = text.plist.xml; path = "GoogleService-Info.plist"; sourceTree = "<group>"; };
		1A1F8A251E24C28B00E2A0FA /* LoginViewController.h */ = {isa = PBXFileReference; fileEncoding = 4; lastKnownFileType = sourcecode.c.h; path = LoginViewController.h; sourceTree = "<group>"; };
		1A1F8A261E24C28B00E2A0FA /* LoginViewController.m */ = {isa = PBXFileReference; fileEncoding = 4; lastKnownFileType = sourcecode.c.objc; path = LoginViewController.m; sourceTree = "<group>"; };
		1A1F8A2C1E24C7E800E2A0FA /* bg_field_up.png */ = {isa = PBXFileReference; lastKnownFileType = image.png; path = bg_field_up.png; sourceTree = "<group>"; };
		1A1F8A2E1E24CA4200E2A0FA /* bg_field_down.png */ = {isa = PBXFileReference; lastKnownFileType = image.png; path = bg_field_down.png; sourceTree = "<group>"; };
		1A1F8A301E25D22100E2A0FA /* ic_facebook.png */ = {isa = PBXFileReference; lastKnownFileType = image.png; path = ic_facebook.png; sourceTree = "<group>"; };
		1A1F8A311E25D22100E2A0FA /* ic_google.png */ = {isa = PBXFileReference; lastKnownFileType = image.png; path = ic_google.png; sourceTree = "<group>"; };
		1A1F8A341E260A2900E2A0FA /* SignUpViewController.h */ = {isa = PBXFileReference; fileEncoding = 4; lastKnownFileType = sourcecode.c.h; path = SignUpViewController.h; sourceTree = "<group>"; };
		1A1F8A351E260A2900E2A0FA /* SignUpViewController.m */ = {isa = PBXFileReference; fileEncoding = 4; lastKnownFileType = sourcecode.c.objc; path = SignUpViewController.m; sourceTree = "<group>"; };
		1A1F8A371E260DA400E2A0FA /* SignUpSegue.h */ = {isa = PBXFileReference; fileEncoding = 4; lastKnownFileType = sourcecode.c.h; path = SignUpSegue.h; sourceTree = "<group>"; };
		1A1F8A381E260DA400E2A0FA /* SignUpSegue.m */ = {isa = PBXFileReference; fileEncoding = 4; lastKnownFileType = sourcecode.c.objc; path = SignUpSegue.m; sourceTree = "<group>"; };
		1A1F8A3B1E26300200E2A0FA /* ic_close.png */ = {isa = PBXFileReference; lastKnownFileType = image.png; path = ic_close.png; sourceTree = "<group>"; };
		1A2793B41E28D1EC00F15658 /* PlaceViewController.h */ = {isa = PBXFileReference; fileEncoding = 4; lastKnownFileType = sourcecode.c.h; path = PlaceViewController.h; sourceTree = "<group>"; };
		1A2793B51E28D1EC00F15658 /* PlaceViewController.m */ = {isa = PBXFileReference; fileEncoding = 4; lastKnownFileType = sourcecode.c.objc; path = PlaceViewController.m; sourceTree = "<group>"; };
		1A3E0E901E2893080059C6F7 /* RootViewController.h */ = {isa = PBXFileReference; fileEncoding = 4; lastKnownFileType = sourcecode.c.h; path = RootViewController.h; sourceTree = "<group>"; };
		1A3E0E911E2893080059C6F7 /* RootViewController.m */ = {isa = PBXFileReference; fileEncoding = 4; lastKnownFileType = sourcecode.c.objc; path = RootViewController.m; sourceTree = "<group>"; };
		1A3E0E961E2893D40059C6F7 /* MenuViewController.h */ = {isa = PBXFileReference; fileEncoding = 4; lastKnownFileType = sourcecode.c.h; path = MenuViewController.h; sourceTree = "<group>"; };
		1A3E0E971E2893D40059C6F7 /* MenuViewController.m */ = {isa = PBXFileReference; fileEncoding = 4; lastKnownFileType = sourcecode.c.objc; path = MenuViewController.m; sourceTree = "<group>"; };
		1A718BDD1E31B1C100ABAE8B /* ic_voice_red.png */ = {isa = PBXFileReference; lastKnownFileType = image.png; path = ic_voice_red.png; sourceTree = "<group>"; };
		1A718BE01E31E3F600ABAE8B /* PlaceCell.h */ = {isa = PBXFileReference; fileEncoding = 4; lastKnownFileType = sourcecode.c.h; path = PlaceCell.h; sourceTree = "<group>"; };
		1A718BE11E31E3F600ABAE8B /* PlaceCell.m */ = {isa = PBXFileReference; fileEncoding = 4; lastKnownFileType = sourcecode.c.objc; path = PlaceCell.m; sourceTree = "<group>"; };
		1A718BED1E31F34400ABAE8B /* bg_test.jpg */ = {isa = PBXFileReference; lastKnownFileType = image.jpeg; path = bg_test.jpg; sourceTree = "<group>"; };
		1A823F171E2C74DA009CDB52 /* MenuHeader.xib */ = {isa = PBXFileReference; fileEncoding = 4; lastKnownFileType = file.xib; path = MenuHeader.xib; sourceTree = "<group>"; };
		1A823F191E2C74ED009CDB52 /* MenuHeader.h */ = {isa = PBXFileReference; fileEncoding = 4; lastKnownFileType = sourcecode.c.h; path = MenuHeader.h; sourceTree = "<group>"; };
		1A823F1A1E2C74ED009CDB52 /* MenuHeader.m */ = {isa = PBXFileReference; fileEncoding = 4; lastKnownFileType = sourcecode.c.objc; path = MenuHeader.m; sourceTree = "<group>"; };
		1A823F1C1E2C7615009CDB52 /* MenuCell.h */ = {isa = PBXFileReference; fileEncoding = 4; lastKnownFileType = sourcecode.c.h; path = MenuCell.h; sourceTree = "<group>"; };
		1A823F1D1E2C7615009CDB52 /* MenuCell.m */ = {isa = PBXFileReference; fileEncoding = 4; lastKnownFileType = sourcecode.c.objc; path = MenuCell.m; sourceTree = "<group>"; };
		1A823F1E1E2C7615009CDB52 /* MenuCell.xib */ = {isa = PBXFileReference; fileEncoding = 4; lastKnownFileType = file.xib; path = MenuCell.xib; sourceTree = "<group>"; };
		1A823F211E2C7A67009CDB52 /* User.h */ = {isa = PBXFileReference; fileEncoding = 4; lastKnownFileType = sourcecode.c.h; path = User.h; sourceTree = "<group>"; };
		1A823F221E2C7A67009CDB52 /* User.m */ = {isa = PBXFileReference; fileEncoding = 4; lastKnownFileType = sourcecode.c.objc; path = User.m; sourceTree = "<group>"; };
		1A909DB91E35A5B300919395 /* StartMapViewController.h */ = {isa = PBXFileReference; fileEncoding = 4; lastKnownFileType = sourcecode.c.h; path = StartMapViewController.h; sourceTree = "<group>"; };
		1A909DBA1E35A5B300919395 /* StartMapViewController.m */ = {isa = PBXFileReference; fileEncoding = 4; lastKnownFileType = sourcecode.c.objc; path = StartMapViewController.m; sourceTree = "<group>"; };
		1A909DBC1E35A92A00919395 /* Account.storyboard */ = {isa = PBXFileReference; fileEncoding = 4; lastKnownFileType = file.storyboard; path = Account.storyboard; sourceTree = "<group>"; };
		1A909DBF1E35D4D000919395 /* ic_back_black.png */ = {isa = PBXFileReference; lastKnownFileType = image.png; path = ic_back_black.png; sourceTree = "<group>"; };
		1A9A3B711E388428003D6A4C /* HaNoiTravel.entitlements */ = {isa = PBXFileReference; lastKnownFileType = text.plist.entitlements; path = HaNoiTravel.entitlements; sourceTree = "<group>"; };
		1A9A3B741E3886CD003D6A4C /* ic_120.png */ = {isa = PBXFileReference; lastKnownFileType = image.png; path = ic_120.png; sourceTree = "<group>"; };
		1A9A3B751E3886CD003D6A4C /* ic_180.png */ = {isa = PBXFileReference; lastKnownFileType = image.png; path = ic_180.png; sourceTree = "<group>"; };
		1A9A3B761E3886CD003D6A4C /* ic_60.png */ = {isa = PBXFileReference; lastKnownFileType = image.png; path = ic_60.png; sourceTree = "<group>"; };
		1A9A3B7A1E3887F2003D6A4C /* Place.h */ = {isa = PBXFileReference; fileEncoding = 4; lastKnownFileType = sourcecode.c.h; path = Place.h; sourceTree = "<group>"; };
		1A9A3B7B1E3887F2003D6A4C /* Place.m */ = {isa = PBXFileReference; fileEncoding = 4; lastKnownFileType = sourcecode.c.objc; path = Place.m; sourceTree = "<group>"; };
		1AE44A141E3055A100C9A1CF /* HaNoiPlaces.app */ = {isa = PBXFileReference; explicitFileType = wrapper.application; includeInIndex = 0; path = HaNoiPlaces.app; sourceTree = BUILT_PRODUCTS_DIR; };
		1AE44A171E306A0D00C9A1CF /* TalkViewController.h */ = {isa = PBXFileReference; fileEncoding = 4; lastKnownFileType = sourcecode.c.h; path = TalkViewController.h; sourceTree = "<group>"; };
		1AE44A181E306A0D00C9A1CF /* TalkViewController.m */ = {isa = PBXFileReference; fileEncoding = 4; lastKnownFileType = sourcecode.c.objc; path = TalkViewController.m; sourceTree = "<group>"; };
		1AE44A1A1E306A1E00C9A1CF /* PromotionViewController.h */ = {isa = PBXFileReference; fileEncoding = 4; lastKnownFileType = sourcecode.c.h; path = PromotionViewController.h; sourceTree = "<group>"; };
		1AE44A1B1E306A1E00C9A1CF /* PromotionViewController.m */ = {isa = PBXFileReference; fileEncoding = 4; lastKnownFileType = sourcecode.c.objc; path = PromotionViewController.m; sourceTree = "<group>"; };
		1AE44A1D1E307CCF00C9A1CF /* ic_voice.png */ = {isa = PBXFileReference; lastKnownFileType = image.png; path = ic_voice.png; sourceTree = "<group>"; };
		1AE44A1F1E307DCA00C9A1CF /* ic_search.png */ = {isa = PBXFileReference; lastKnownFileType = image.png; path = ic_search.png; sourceTree = "<group>"; };
		1AE44A221E307E5300C9A1CF /* PlaceMapCell.h */ = {isa = PBXFileReference; fileEncoding = 4; lastKnownFileType = sourcecode.c.h; path = PlaceMapCell.h; sourceTree = "<group>"; };
		1AE44A231E307E5300C9A1CF /* PlaceMapCell.m */ = {isa = PBXFileReference; fileEncoding = 4; lastKnownFileType = sourcecode.c.objc; path = PlaceMapCell.m; sourceTree = "<group>"; };
		1AE44A251E307EA400C9A1CF /* MapView.h */ = {isa = PBXFileReference; fileEncoding = 4; lastKnownFileType = sourcecode.c.h; path = MapView.h; sourceTree = "<group>"; };
		1AE44A261E307EA400C9A1CF /* MapView.m */ = {isa = PBXFileReference; fileEncoding = 4; lastKnownFileType = sourcecode.c.objc; path = MapView.m; sourceTree = "<group>"; };
		1AE44A4B1E30BDDC00C9A1CF /* PlaceDetailViewController.h */ = {isa = PBXFileReference; fileEncoding = 4; lastKnownFileType = sourcecode.c.h; path = PlaceDetailViewController.h; sourceTree = "<group>"; };
		1AE44A4C1E30BDDC00C9A1CF /* PlaceDetailViewController.m */ = {isa = PBXFileReference; fileEncoding = 4; lastKnownFileType = sourcecode.c.objc; path = PlaceDetailViewController.m; sourceTree = "<group>"; };
		1AE44A4E1E30BEE600C9A1CF /* ic_back.png */ = {isa = PBXFileReference; lastKnownFileType = image.png; path = ic_back.png; sourceTree = "<group>"; };
		6C1AC77D4C49CB256DBE58AA /* libPods-HaNoiTravel.a */ = {isa = PBXFileReference; explicitFileType = archive.ar; includeInIndex = 0; path = "libPods-HaNoiTravel.a"; sourceTree = BUILT_PRODUCTS_DIR; };
		8F8408FA8DF0472614964C22 /* Pods-HaNoiTravel.debug.xcconfig */ = {isa = PBXFileReference; includeInIndex = 1; lastKnownFileType = text.xcconfig; name = "Pods-HaNoiTravel.debug.xcconfig"; path = "Pods/Target Support Files/Pods-HaNoiTravel/Pods-HaNoiTravel.debug.xcconfig"; sourceTree = "<group>"; };
		98E89EB3F93B6D26F79BB7D7 /* Pods-HaNoiTravel.release.xcconfig */ = {isa = PBXFileReference; includeInIndex = 1; lastKnownFileType = text.xcconfig; name = "Pods-HaNoiTravel.release.xcconfig"; path = "Pods/Target Support Files/Pods-HaNoiTravel/Pods-HaNoiTravel.release.xcconfig"; sourceTree = "<group>"; };
		CA34B01D1E31164A00556C49 /* DUSwipeMenuViewController.h */ = {isa = PBXFileReference; fileEncoding = 4; lastKnownFileType = sourcecode.c.h; path = DUSwipeMenuViewController.h; sourceTree = "<group>"; };
		CA34B01E1E31164A00556C49 /* DUSwipeMenuViewController.m */ = {isa = PBXFileReference; fileEncoding = 4; lastKnownFileType = sourcecode.c.objc; path = DUSwipeMenuViewController.m; sourceTree = "<group>"; };
		CA34B0211E31194400556C49 /* DUSpinnerView.h */ = {isa = PBXFileReference; fileEncoding = 4; lastKnownFileType = sourcecode.c.h; path = DUSpinnerView.h; sourceTree = "<group>"; };
		CA34B0221E31194400556C49 /* DUSpinnerView.m */ = {isa = PBXFileReference; fileEncoding = 4; lastKnownFileType = sourcecode.c.objc; path = DUSpinnerView.m; sourceTree = "<group>"; };
		CA42D8D81E26615A00A1F574 /* ic_close_blue.png */ = {isa = PBXFileReference; lastKnownFileType = image.png; path = ic_close_blue.png; sourceTree = "<group>"; };
		CA42D8DA1E266C7800A1F574 /* NSString+Utils.h */ = {isa = PBXFileReference; fileEncoding = 4; lastKnownFileType = sourcecode.c.h; path = "NSString+Utils.h"; sourceTree = "<group>"; };
		CA42D8DB1E266C7800A1F574 /* NSString+Utils.m */ = {isa = PBXFileReference; fileEncoding = 4; lastKnownFileType = sourcecode.c.objc; path = "NSString+Utils.m"; sourceTree = "<group>"; };
		CA42D8DD1E266CE800A1F574 /* Utils.h */ = {isa = PBXFileReference; fileEncoding = 4; lastKnownFileType = sourcecode.c.h; path = Utils.h; sourceTree = "<group>"; };
		CA42D8DE1E266CE800A1F574 /* Utils.m */ = {isa = PBXFileReference; fileEncoding = 4; lastKnownFileType = sourcecode.c.objc; path = Utils.m; sourceTree = "<group>"; };
		CA42D8E61E268C0500A1F574 /* spinner_blue.png */ = {isa = PBXFileReference; lastKnownFileType = image.png; path = spinner_blue.png; sourceTree = "<group>"; };
		CA42D8E71E268C0500A1F574 /* spinner_red.png */ = {isa = PBXFileReference; lastKnownFileType = image.png; path = spinner_red.png; sourceTree = "<group>"; };
		CA61A9271E322E8A0026A9FF /* HaNoiTravelTests.xctest */ = {isa = PBXFileReference; explicitFileType = wrapper.cfbundle; includeInIndex = 0; path = HaNoiTravelTests.xctest; sourceTree = BUILT_PRODUCTS_DIR; };
		CA61A9281E322E8A0026A9FF /* HaNoiTravelUITests.xctest */ = {isa = PBXFileReference; explicitFileType = wrapper.cfbundle; includeInIndex = 0; path = HaNoiTravelUITests.xctest; sourceTree = BUILT_PRODUCTS_DIR; };
		CA91597D1E34B7F6001DB5CD /* GasStation.h */ = {isa = PBXFileReference; fileEncoding = 4; lastKnownFileType = sourcecode.c.h; path = GasStation.h; sourceTree = "<group>"; };
		CA91597E1E34B7F6001DB5CD /* GasStation.m */ = {isa = PBXFileReference; fileEncoding = 4; lastKnownFileType = sourcecode.c.objc; path = GasStation.m; sourceTree = "<group>"; };
		CA9159801E34BA25001DB5CD /* PlacesManager.h */ = {isa = PBXFileReference; fileEncoding = 4; lastKnownFileType = sourcecode.c.h; path = PlacesManager.h; sourceTree = "<group>"; };
		CA9159811E34BA25001DB5CD /* PlacesManager.m */ = {isa = PBXFileReference; fileEncoding = 4; lastKnownFileType = sourcecode.c.objc; path = PlacesManager.m; sourceTree = "<group>"; };
		CA9159841E34BD70001DB5CD /* GasManager.h */ = {isa = PBXFileReference; fileEncoding = 4; lastKnownFileType = sourcecode.c.h; path = GasManager.h; sourceTree = "<group>"; };
		CA9159851E34BD70001DB5CD /* GasManager.m */ = {isa = PBXFileReference; fileEncoding = 4; lastKnownFileType = sourcecode.c.objc; path = GasManager.m; sourceTree = "<group>"; };
		CA9159891E34C9BF001DB5CD /* gas_icon.png */ = {isa = PBXFileReference; lastKnownFileType = image.png; path = gas_icon.png; sourceTree = "<group>"; };
		CA91598C1E34CE92001DB5CD /* stars0.0.png */ = {isa = PBXFileReference; lastKnownFileType = image.png; path = stars0.0.png; sourceTree = "<group>"; };
		CA91598D1E34CE92001DB5CD /* stars0.5.png */ = {isa = PBXFileReference; lastKnownFileType = image.png; path = stars0.5.png; sourceTree = "<group>"; };
		CA91598E1E34CE92001DB5CD /* stars1.0.png */ = {isa = PBXFileReference; lastKnownFileType = image.png; path = stars1.0.png; sourceTree = "<group>"; };
		CA91598F1E34CE92001DB5CD /* stars1.5.png */ = {isa = PBXFileReference; lastKnownFileType = image.png; path = stars1.5.png; sourceTree = "<group>"; };
		CA9159901E34CE92001DB5CD /* stars2.0.png */ = {isa = PBXFileReference; lastKnownFileType = image.png; path = stars2.0.png; sourceTree = "<group>"; };
		CA9159911E34CE92001DB5CD /* stars2.5.png */ = {isa = PBXFileReference; lastKnownFileType = image.png; path = stars2.5.png; sourceTree = "<group>"; };
		CA9159921E34CE92001DB5CD /* stars3.0.png */ = {isa = PBXFileReference; lastKnownFileType = image.png; path = stars3.0.png; sourceTree = "<group>"; };
		CA9159931E34CE92001DB5CD /* stars3.5.png */ = {isa = PBXFileReference; lastKnownFileType = image.png; path = stars3.5.png; sourceTree = "<group>"; };
		CA9159941E34CE92001DB5CD /* stars4.0.png */ = {isa = PBXFileReference; lastKnownFileType = image.png; path = stars4.0.png; sourceTree = "<group>"; };
		CA9159951E34CE92001DB5CD /* stars4.5.png */ = {isa = PBXFileReference; lastKnownFileType = image.png; path = stars4.5.png; sourceTree = "<group>"; };
		CA9159961E34CE92001DB5CD /* stars5.0.png */ = {isa = PBXFileReference; lastKnownFileType = image.png; path = stars5.0.png; sourceTree = "<group>"; };
		CA9159A21E34D636001DB5CD /* GasPlaceCell.h */ = {isa = PBXFileReference; fileEncoding = 4; lastKnownFileType = sourcecode.c.h; path = GasPlaceCell.h; sourceTree = "<group>"; };
		CA9159A31E34D636001DB5CD /* GasPlaceCell.m */ = {isa = PBXFileReference; fileEncoding = 4; lastKnownFileType = sourcecode.c.objc; path = GasPlaceCell.m; sourceTree = "<group>"; };
/* End PBXFileReference section */

/* Begin PBXFrameworksBuildPhase section */
		1635702B1D5B02B50093CDF5 /* Frameworks */ = {
			isa = PBXFrameworksBuildPhase;
			buildActionMask = 2147483647;
			files = (
				7BE147CDA53F32D7A7C89222 /* libPods-HaNoiTravel.a in Frameworks */,
			);
			runOnlyForDeploymentPostprocessing = 0;
		};
		163570441D5B02B50093CDF5 /* Frameworks */ = {
			isa = PBXFrameworksBuildPhase;
			buildActionMask = 2147483647;
			files = (
			);
			runOnlyForDeploymentPostprocessing = 0;
		};
		1635704F1D5B02B50093CDF5 /* Frameworks */ = {
			isa = PBXFrameworksBuildPhase;
			buildActionMask = 2147483647;
			files = (
			);
			runOnlyForDeploymentPostprocessing = 0;
		};
/* End PBXFrameworksBuildPhase section */

/* Begin PBXGroup section */
		163570251D5B02B40093CDF5 = {
			isa = PBXGroup;
			children = (
				1A1F8A281E24C6CF00E2A0FA /* Resource */,
				1A1F8A1F1E249E6500E2A0FA /* Config */,
				163570301D5B02B50093CDF5 /* HaNoiTravel */,
				1635704A1D5B02B50093CDF5 /* HaNoiTravelTests */,
				163570551D5B02B50093CDF5 /* HaNoiTravelUITests */,
				BE855AA05BD081A626988666 /* Pods */,
				337757E6D50635DCECACAA73 /* Frameworks */,
				1AE44A141E3055A100C9A1CF /* HaNoiPlaces.app */,
				CA61A9271E322E8A0026A9FF /* HaNoiTravelTests.xctest */,
				CA61A9281E322E8A0026A9FF /* HaNoiTravelUITests.xctest */,
			);
			sourceTree = "<group>";
		};
		163570301D5B02B50093CDF5 /* HaNoiTravel */ = {
			isa = PBXGroup;
			children = (
				1A9A3B711E388428003D6A4C /* HaNoiTravel.entitlements */,
				1A3E0E941E2893930059C6F7 /* Lib */,
				1A1F8A241E24C25900E2A0FA /* View */,
				1A1F8A231E24C24F00E2A0FA /* Model */,
				1A1F8A221E24C24300E2A0FA /* Controller */,
				163570341D5B02B50093CDF5 /* AppDelegate.h */,
				163570351D5B02B50093CDF5 /* AppDelegate.m */,
				1635703A1D5B02B50093CDF5 /* Main.storyboard */,
				1A909DBC1E35A92A00919395 /* Account.storyboard */,
				1635703D1D5B02B50093CDF5 /* Assets.xcassets */,
				1635703F1D5B02B50093CDF5 /* LaunchScreen.storyboard */,
				163570311D5B02B50093CDF5 /* Supporting Files */,
			);
			path = HaNoiTravel;
			sourceTree = "<group>";
		};
		163570311D5B02B50093CDF5 /* Supporting Files */ = {
			isa = PBXGroup;
			children = (
				163570321D5B02B50093CDF5 /* main.m */,
			);
			name = "Supporting Files";
			sourceTree = "<group>";
		};
		1635704A1D5B02B50093CDF5 /* HaNoiTravelTests */ = {
			isa = PBXGroup;
			children = (
				1635704B1D5B02B50093CDF5 /* HaNoiTravelTests.m */,
				1635704D1D5B02B50093CDF5 /* Info.plist */,
			);
			path = HaNoiTravelTests;
			sourceTree = "<group>";
		};
		163570551D5B02B50093CDF5 /* HaNoiTravelUITests */ = {
			isa = PBXGroup;
			children = (
				163570561D5B02B50093CDF5 /* HaNoiTravelUITests.m */,
				163570581D5B02B50093CDF5 /* Info.plist */,
			);
			path = HaNoiTravelUITests;
			sourceTree = "<group>";
		};
		1A1F8A1F1E249E6500E2A0FA /* Config */ = {
			isa = PBXGroup;
			children = (
				1A1F8A201E249E7300E2A0FA /* GoogleService-Info.plist */,
				163570421D5B02B50093CDF5 /* Info.plist */,
			);
			name = Config;
			sourceTree = "<group>";
		};
		1A1F8A221E24C24300E2A0FA /* Controller */ = {
			isa = PBXGroup;
			children = (
				1A909DBE1E35AA5300919395 /* Main */,
				1A909DB81E35A58C00919395 /* StartMap */,
				1A2793B01E28D1BA00F15658 /* TabContent */,
				1A2793AF1E28D1A300F15658 /* Login */,
				CA3781F71E27C54E00328C2D /* SlideMenu */,
			);
			name = Controller;
			sourceTree = "<group>";
		};
		1A1F8A231E24C24F00E2A0FA /* Model */ = {
			isa = PBXGroup;
			children = (
				CA9159831E34BD4D001DB5CD /* Places */,
				163570641D5B0B090093CDF5 /* DirectionService.h */,
				163570651D5B0B090093CDF5 /* DirectionService.m */,
				CA42D8DA1E266C7800A1F574 /* NSString+Utils.h */,
				CA42D8DB1E266C7800A1F574 /* NSString+Utils.m */,
				CA42D8DD1E266CE800A1F574 /* Utils.h */,
				CA42D8DE1E266CE800A1F574 /* Utils.m */,
				1A823F211E2C7A67009CDB52 /* User.h */,
				1A823F221E2C7A67009CDB52 /* User.m */,
			);
			name = Model;
			sourceTree = "<group>";
		};
		1A1F8A241E24C25900E2A0FA /* View */ = {
			isa = PBXGroup;
			children = (
				1A718BDF1E31B45200ABAE8B /* SegueCustom */,
				1AE44A211E307E2F00C9A1CF /* PlaceView */,
				1A823F161E2C749A009CDB52 /* MenuSubView */,
			);
			name = View;
			sourceTree = "<group>";
		};
		1A1F8A281E24C6CF00E2A0FA /* Resource */ = {
			isa = PBXGroup;
			children = (
				1A9A3B731E3886CD003D6A4C /* AppIcon */,
				CA9159881E34C9BF001DB5CD /* Places */,
				1A718BED1E31F34400ABAE8B /* bg_test.jpg */,
				CA42D8E31E267F5200A1F574 /* Spinner */,
				1A1F8A3A1E26300200E2A0FA /* Icon */,
				1A1F8A291E24C72100E2A0FA /* Login */,
			);
			name = Resource;
			sourceTree = "<group>";
		};
		1A1F8A291E24C72100E2A0FA /* Login */ = {
			isa = PBXGroup;
			children = (
				1A1F8A301E25D22100E2A0FA /* ic_facebook.png */,
				1A1F8A311E25D22100E2A0FA /* ic_google.png */,
				1A1F8A2E1E24CA4200E2A0FA /* bg_field_down.png */,
				1A1F8A2C1E24C7E800E2A0FA /* bg_field_up.png */,
			);
			name = Login;
			path = Resource/Login;
			sourceTree = "<group>";
		};
		1A1F8A3A1E26300200E2A0FA /* Icon */ = {
			isa = PBXGroup;
			children = (
				CA91598B1E34CE92001DB5CD /* icon_stars */,
				1A718BDD1E31B1C100ABAE8B /* ic_voice_red.png */,
				1AE44A4E1E30BEE600C9A1CF /* ic_back.png */,
				1A909DBF1E35D4D000919395 /* ic_back_black.png */,
				1AE44A1F1E307DCA00C9A1CF /* ic_search.png */,
				1AE44A1D1E307CCF00C9A1CF /* ic_voice.png */,
				CA42D8D81E26615A00A1F574 /* ic_close_blue.png */,
				1A1F8A3B1E26300200E2A0FA /* ic_close.png */,
			);
			name = Icon;
			path = Resource/Icon;
			sourceTree = "<group>";
		};
		1A2793AF1E28D1A300F15658 /* Login */ = {
			isa = PBXGroup;
			children = (
				1A1F8A251E24C28B00E2A0FA /* LoginViewController.h */,
				1A1F8A261E24C28B00E2A0FA /* LoginViewController.m */,
				1A1F8A341E260A2900E2A0FA /* SignUpViewController.h */,
				1A1F8A351E260A2900E2A0FA /* SignUpViewController.m */,
			);
			name = Login;
			sourceTree = "<group>";
		};
		1A2793B01E28D1BA00F15658 /* TabContent */ = {
			isa = PBXGroup;
			children = (
				CA34B0251E311A8D00556C49 /* PromotionVC */,
				CA34B0241E311A8400556C49 /* TalkVC */,
				1AE44A4A1E30BDBD00C9A1CF /* PlaceVC */,
			);
			name = TabContent;
			sourceTree = "<group>";
		};
		1A3E0E941E2893930059C6F7 /* Lib */ = {
			isa = PBXGroup;
			children = (
				CA34B0201E3118E100556C49 /* SpinnerView */,
				1A3E0E951E28939F0059C6F7 /* MenuController */,
			);
			name = Lib;
			sourceTree = "<group>";
		};
		1A3E0E951E28939F0059C6F7 /* MenuController */ = {
			isa = PBXGroup;
			children = (
				CA34B01D1E31164A00556C49 /* DUSwipeMenuViewController.h */,
				CA34B01E1E31164A00556C49 /* DUSwipeMenuViewController.m */,
			);
			name = MenuController;
			sourceTree = "<group>";
		};
		1A718BDF1E31B45200ABAE8B /* SegueCustom */ = {
			isa = PBXGroup;
			children = (
				1A1F8A371E260DA400E2A0FA /* SignUpSegue.h */,
				1A1F8A381E260DA400E2A0FA /* SignUpSegue.m */,
			);
			name = SegueCustom;
			sourceTree = "<group>";
		};
		1A823F161E2C749A009CDB52 /* MenuSubView */ = {
			isa = PBXGroup;
			children = (
				1A823F171E2C74DA009CDB52 /* MenuHeader.xib */,
				1A823F191E2C74ED009CDB52 /* MenuHeader.h */,
				1A823F1A1E2C74ED009CDB52 /* MenuHeader.m */,
				1A823F1C1E2C7615009CDB52 /* MenuCell.h */,
				1A823F1D1E2C7615009CDB52 /* MenuCell.m */,
				1A823F1E1E2C7615009CDB52 /* MenuCell.xib */,
			);
			name = MenuSubView;
			sourceTree = "<group>";
		};
		1A909DB81E35A58C00919395 /* StartMap */ = {
			isa = PBXGroup;
			children = (
				1A909DB91E35A5B300919395 /* StartMapViewController.h */,
				1A909DBA1E35A5B300919395 /* StartMapViewController.m */,
			);
			name = StartMap;
			sourceTree = "<group>";
		};
		1A909DBE1E35AA5300919395 /* Main */ = {
			isa = PBXGroup;
			children = (
				163570671D5C24AD0093CDF5 /* MainViewController.h */,
				163570681D5C24AD0093CDF5 /* MainViewController.m */,
				1A3E0E901E2893080059C6F7 /* RootViewController.h */,
				1A3E0E911E2893080059C6F7 /* RootViewController.m */,
			);
			name = Main;
			sourceTree = "<group>";
		};
		1A9A3B731E3886CD003D6A4C /* AppIcon */ = {
			isa = PBXGroup;
			children = (
				1A9A3B741E3886CD003D6A4C /* ic_120.png */,
				1A9A3B751E3886CD003D6A4C /* ic_180.png */,
				1A9A3B761E3886CD003D6A4C /* ic_60.png */,
			);
			name = AppIcon;
			path = Resource/AppIcon;
			sourceTree = "<group>";
		};
		1AE44A211E307E2F00C9A1CF /* PlaceView */ = {
			isa = PBXGroup;
			children = (
				1AE44A221E307E5300C9A1CF /* PlaceMapCell.h */,
				1AE44A231E307E5300C9A1CF /* PlaceMapCell.m */,
				1AE44A251E307EA400C9A1CF /* MapView.h */,
				1AE44A261E307EA400C9A1CF /* MapView.m */,
				1A718BE01E31E3F600ABAE8B /* PlaceCell.h */,
				1A718BE11E31E3F600ABAE8B /* PlaceCell.m */,
				CA9159A21E34D636001DB5CD /* GasPlaceCell.h */,
				CA9159A31E34D636001DB5CD /* GasPlaceCell.m */,
			);
			name = PlaceView;
			sourceTree = "<group>";
		};
		1AE44A4A1E30BDBD00C9A1CF /* PlaceVC */ = {
			isa = PBXGroup;
			children = (
				1A2793B41E28D1EC00F15658 /* PlaceViewController.h */,
				1A2793B51E28D1EC00F15658 /* PlaceViewController.m */,
				1AE44A4B1E30BDDC00C9A1CF /* PlaceDetailViewController.h */,
				1AE44A4C1E30BDDC00C9A1CF /* PlaceDetailViewController.m */,
			);
			name = PlaceVC;
			sourceTree = "<group>";
		};
		337757E6D50635DCECACAA73 /* Frameworks */ = {
			isa = PBXGroup;
			children = (
				6C1AC77D4C49CB256DBE58AA /* libPods-HaNoiTravel.a */,
			);
			name = Frameworks;
			sourceTree = "<group>";
		};
		BE855AA05BD081A626988666 /* Pods */ = {
			isa = PBXGroup;
			children = (
				8F8408FA8DF0472614964C22 /* Pods-HaNoiTravel.debug.xcconfig */,
				98E89EB3F93B6D26F79BB7D7 /* Pods-HaNoiTravel.release.xcconfig */,
			);
			name = Pods;
			sourceTree = "<group>";
		};
		CA34B0201E3118E100556C49 /* SpinnerView */ = {
			isa = PBXGroup;
			children = (
				CA34B0211E31194400556C49 /* DUSpinnerView.h */,
				CA34B0221E31194400556C49 /* DUSpinnerView.m */,
			);
			name = SpinnerView;
			sourceTree = "<group>";
		};
		CA34B0241E311A8400556C49 /* TalkVC */ = {
			isa = PBXGroup;
			children = (
				1AE44A171E306A0D00C9A1CF /* TalkViewController.h */,
				1AE44A181E306A0D00C9A1CF /* TalkViewController.m */,
			);
			name = TalkVC;
			sourceTree = "<group>";
		};
		CA34B0251E311A8D00556C49 /* PromotionVC */ = {
			isa = PBXGroup;
			children = (
				1AE44A1A1E306A1E00C9A1CF /* PromotionViewController.h */,
				1AE44A1B1E306A1E00C9A1CF /* PromotionViewController.m */,
			);
			name = PromotionVC;
			sourceTree = "<group>";
		};
		CA3781F71E27C54E00328C2D /* SlideMenu */ = {
			isa = PBXGroup;
			children = (
				1A3E0E961E2893D40059C6F7 /* MenuViewController.h */,
				1A3E0E971E2893D40059C6F7 /* MenuViewController.m */,
			);
			name = SlideMenu;
			sourceTree = "<group>";
		};
		CA42D8E31E267F5200A1F574 /* Spinner */ = {
			isa = PBXGroup;
			children = (
				CA42D8E61E268C0500A1F574 /* spinner_blue.png */,
				CA42D8E71E268C0500A1F574 /* spinner_red.png */,
			);
			name = Spinner;
			path = Resource/Spinner;
			sourceTree = "<group>";
		};
		CA9159831E34BD4D001DB5CD /* Places */ = {
			isa = PBXGroup;
			children = (
				1A9A3B7A1E3887F2003D6A4C /* Place.h */,
				1A9A3B7B1E3887F2003D6A4C /* Place.m */,
				CA91597D1E34B7F6001DB5CD /* GasStation.h */,
				CA91597E1E34B7F6001DB5CD /* GasStation.m */,
				CA9159801E34BA25001DB5CD /* PlacesManager.h */,
				CA9159811E34BA25001DB5CD /* PlacesManager.m */,
				CA9159841E34BD70001DB5CD /* GasManager.h */,
				CA9159851E34BD70001DB5CD /* GasManager.m */,
			);
			name = Places;
			sourceTree = "<group>";
		};
		CA9159881E34C9BF001DB5CD /* Places */ = {
			isa = PBXGroup;
			children = (
				CA9159891E34C9BF001DB5CD /* gas_icon.png */,
			);
			name = Places;
			path = Resource/Places;
			sourceTree = "<group>";
		};
		CA91598B1E34CE92001DB5CD /* icon_stars */ = {
			isa = PBXGroup;
			children = (
				CA91598C1E34CE92001DB5CD /* stars0.0.png */,
				CA91598D1E34CE92001DB5CD /* stars0.5.png */,
				CA91598E1E34CE92001DB5CD /* stars1.0.png */,
				CA91598F1E34CE92001DB5CD /* stars1.5.png */,
				CA9159901E34CE92001DB5CD /* stars2.0.png */,
				CA9159911E34CE92001DB5CD /* stars2.5.png */,
				CA9159921E34CE92001DB5CD /* stars3.0.png */,
				CA9159931E34CE92001DB5CD /* stars3.5.png */,
				CA9159941E34CE92001DB5CD /* stars4.0.png */,
				CA9159951E34CE92001DB5CD /* stars4.5.png */,
				CA9159961E34CE92001DB5CD /* stars5.0.png */,
			);
			path = icon_stars;
			sourceTree = "<group>";
		};
/* End PBXGroup section */

/* Begin PBXNativeTarget section */
		1635702D1D5B02B50093CDF5 /* HaNoiTravel */ = {
			isa = PBXNativeTarget;
			buildConfigurationList = 1635705B1D5B02B50093CDF5 /* Build configuration list for PBXNativeTarget "HaNoiTravel" */;
			buildPhases = (
				60CEE1B132CDAC647DB87FCB /* [CP] Check Pods Manifest.lock */,
				1635702A1D5B02B50093CDF5 /* Sources */,
				1635702B1D5B02B50093CDF5 /* Frameworks */,
				1635702C1D5B02B50093CDF5 /* Resources */,
				2E02D420E81A70A1867D43A6 /* [CP] Embed Pods Frameworks */,
				479504A83F21F9205C6AC204 /* [CP] Copy Pods Resources */,
				1A2793CA1E28D5AB00F15658 /* Embed App Extensions */,
			);
			buildRules = (
			);
			dependencies = (
			);
			name = HaNoiTravel;
			productName = HaNoiTravel;
			productReference = 1AE44A141E3055A100C9A1CF /* HaNoiPlaces.app */;
			productType = "com.apple.product-type.application";
		};
		163570461D5B02B50093CDF5 /* HaNoiTravelTests */ = {
			isa = PBXNativeTarget;
			buildConfigurationList = 1635705E1D5B02B50093CDF5 /* Build configuration list for PBXNativeTarget "HaNoiTravelTests" */;
			buildPhases = (
				163570431D5B02B50093CDF5 /* Sources */,
				163570441D5B02B50093CDF5 /* Frameworks */,
				163570451D5B02B50093CDF5 /* Resources */,
			);
			buildRules = (
			);
			dependencies = (
				163570491D5B02B50093CDF5 /* PBXTargetDependency */,
			);
			name = HaNoiTravelTests;
			productName = HaNoiTravelTests;
			productReference = CA61A9271E322E8A0026A9FF /* HaNoiTravelTests.xctest */;
			productType = "com.apple.product-type.bundle.unit-test";
		};
		163570511D5B02B50093CDF5 /* HaNoiTravelUITests */ = {
			isa = PBXNativeTarget;
			buildConfigurationList = 163570611D5B02B50093CDF5 /* Build configuration list for PBXNativeTarget "HaNoiTravelUITests" */;
			buildPhases = (
				1635704E1D5B02B50093CDF5 /* Sources */,
				1635704F1D5B02B50093CDF5 /* Frameworks */,
				163570501D5B02B50093CDF5 /* Resources */,
			);
			buildRules = (
			);
			dependencies = (
				163570541D5B02B50093CDF5 /* PBXTargetDependency */,
			);
			name = HaNoiTravelUITests;
			productName = HaNoiTravelUITests;
			productReference = CA61A9281E322E8A0026A9FF /* HaNoiTravelUITests.xctest */;
			productType = "com.apple.product-type.bundle.ui-testing";
		};
/* End PBXNativeTarget section */

/* Begin PBXProject section */
		163570261D5B02B40093CDF5 /* Project object */ = {
			isa = PBXProject;
			attributes = {
				LastUpgradeCheck = 0820;
				ORGANIZATIONNAME = DREAMUP;
				TargetAttributes = {
					1635702D1D5B02B50093CDF5 = {
						CreatedOnToolsVersion = 7.3.1;
						DevelopmentTeam = 9ZZR5T4Q5D;
						SystemCapabilities = {
							com.apple.Push = {
								enabled = 1;
							};
						};
					};
					163570461D5B02B50093CDF5 = {
						CreatedOnToolsVersion = 7.3.1;
						TestTargetID = 1635702D1D5B02B50093CDF5;
					};
					163570511D5B02B50093CDF5 = {
						CreatedOnToolsVersion = 7.3.1;
						TestTargetID = 1635702D1D5B02B50093CDF5;
					};
				};
			};
			buildConfigurationList = 163570291D5B02B40093CDF5 /* Build configuration list for PBXProject "HaNoiTravel" */;
			compatibilityVersion = "Xcode 3.2";
			developmentRegion = English;
			hasScannedForEncodings = 0;
			knownRegions = (
				en,
				Base,
			);
			mainGroup = 163570251D5B02B40093CDF5;
			productRefGroup = 163570251D5B02B40093CDF5;
			projectDirPath = "";
			projectRoot = "";
			targets = (
				1635702D1D5B02B50093CDF5 /* HaNoiTravel */,
				163570461D5B02B50093CDF5 /* HaNoiTravelTests */,
				163570511D5B02B50093CDF5 /* HaNoiTravelUITests */,
			);
		};
/* End PBXProject section */

/* Begin PBXResourcesBuildPhase section */
		1635702C1D5B02B50093CDF5 /* Resources */ = {
			isa = PBXResourcesBuildPhase;
			buildActionMask = 2147483647;
			files = (
				CA91599A1E34CE92001DB5CD /* stars1.5.png in Resources */,
				CA91599C1E34CE92001DB5CD /* stars2.5.png in Resources */,
				CA9159971E34CE92001DB5CD /* stars0.0.png in Resources */,
				CA9159A01E34CE92001DB5CD /* stars4.5.png in Resources */,
				1A718BEE1E31F34400ABAE8B /* bg_test.jpg in Resources */,
				1A9A3B781E3886CD003D6A4C /* ic_180.png in Resources */,
				CA42D8E81E268C0500A1F574 /* spinner_blue.png in Resources */,
				CA91599D1E34CE92001DB5CD /* stars3.0.png in Resources */,
				CA91599B1E34CE92001DB5CD /* stars2.0.png in Resources */,
				1AE44A201E307DCA00C9A1CF /* ic_search.png in Resources */,
				1AE44A4F1E30BEE600C9A1CF /* ic_back.png in Resources */,
				1A1F8A331E25D22100E2A0FA /* ic_google.png in Resources */,
				1A823F201E2C7615009CDB52 /* MenuCell.xib in Resources */,
				163570411D5B02B50093CDF5 /* LaunchScreen.storyboard in Resources */,
				1A1F8A211E249E7300E2A0FA /* GoogleService-Info.plist in Resources */,
				1A1F8A321E25D22100E2A0FA /* ic_facebook.png in Resources */,
				1635703E1D5B02B50093CDF5 /* Assets.xcassets in Resources */,
				1A9A3B791E3886CD003D6A4C /* ic_60.png in Resources */,
				1A1F8A2F1E24CA4200E2A0FA /* bg_field_down.png in Resources */,
				CA91599E1E34CE92001DB5CD /* stars3.5.png in Resources */,
				1A718BDE1E31B1C100ABAE8B /* ic_voice_red.png in Resources */,
				CA9159981E34CE92001DB5CD /* stars0.5.png in Resources */,
				1A823F181E2C74DA009CDB52 /* MenuHeader.xib in Resources */,
				CA42D8D91E26615A00A1F574 /* ic_close_blue.png in Resources */,
				1A909DBD1E35A92A00919395 /* Account.storyboard in Resources */,
				CA91598A1E34C9BF001DB5CD /* gas_icon.png in Resources */,
				1AE44A1E1E307CCF00C9A1CF /* ic_voice.png in Resources */,
				1A9A3B771E3886CD003D6A4C /* ic_120.png in Resources */,
				CA91599F1E34CE92001DB5CD /* stars4.0.png in Resources */,
				1A1F8A3C1E26300200E2A0FA /* ic_close.png in Resources */,
				1A909DC01E35D4D000919395 /* ic_back_black.png in Resources */,
				1635703C1D5B02B50093CDF5 /* Main.storyboard in Resources */,
				1A1F8A2D1E24C7E800E2A0FA /* bg_field_up.png in Resources */,
				CA9159A11E34CE92001DB5CD /* stars5.0.png in Resources */,
				CA9159991E34CE92001DB5CD /* stars1.0.png in Resources */,
				CA42D8E91E268C0500A1F574 /* spinner_red.png in Resources */,
			);
			runOnlyForDeploymentPostprocessing = 0;
		};
		163570451D5B02B50093CDF5 /* Resources */ = {
			isa = PBXResourcesBuildPhase;
			buildActionMask = 2147483647;
			files = (
			);
			runOnlyForDeploymentPostprocessing = 0;
		};
		163570501D5B02B50093CDF5 /* Resources */ = {
			isa = PBXResourcesBuildPhase;
			buildActionMask = 2147483647;
			files = (
			);
			runOnlyForDeploymentPostprocessing = 0;
		};
/* End PBXResourcesBuildPhase section */

/* Begin PBXShellScriptBuildPhase section */
		2E02D420E81A70A1867D43A6 /* [CP] Embed Pods Frameworks */ = {
			isa = PBXShellScriptBuildPhase;
			buildActionMask = 2147483647;
			files = (
			);
			inputPaths = (
			);
			name = "[CP] Embed Pods Frameworks";
			outputPaths = (
			);
			runOnlyForDeploymentPostprocessing = 0;
			shellPath = /bin/sh;
			shellScript = "\"${SRCROOT}/Pods/Target Support Files/Pods-HaNoiTravel/Pods-HaNoiTravel-frameworks.sh\"\n";
			showEnvVarsInLog = 0;
		};
		479504A83F21F9205C6AC204 /* [CP] Copy Pods Resources */ = {
			isa = PBXShellScriptBuildPhase;
			buildActionMask = 2147483647;
			files = (
			);
			inputPaths = (
			);
			name = "[CP] Copy Pods Resources";
			outputPaths = (
			);
			runOnlyForDeploymentPostprocessing = 0;
			shellPath = /bin/sh;
			shellScript = "\"${SRCROOT}/Pods/Target Support Files/Pods-HaNoiTravel/Pods-HaNoiTravel-resources.sh\"\n";
			showEnvVarsInLog = 0;
		};
		60CEE1B132CDAC647DB87FCB /* [CP] Check Pods Manifest.lock */ = {
			isa = PBXShellScriptBuildPhase;
			buildActionMask = 2147483647;
			files = (
			);
			inputPaths = (
			);
			name = "[CP] Check Pods Manifest.lock";
			outputPaths = (
			);
			runOnlyForDeploymentPostprocessing = 0;
			shellPath = /bin/sh;
			shellScript = "diff \"${PODS_ROOT}/../Podfile.lock\" \"${PODS_ROOT}/Manifest.lock\" > /dev/null\nif [ $? != 0 ] ; then\n    # print error to STDERR\n    echo \"error: The sandbox is not in sync with the Podfile.lock. Run 'pod install' or update your CocoaPods installation.\" >&2\n    exit 1\nfi\n";
			showEnvVarsInLog = 0;
		};
/* End PBXShellScriptBuildPhase section */

/* Begin PBXSourcesBuildPhase section */
		1635702A1D5B02B50093CDF5 /* Sources */ = {
			isa = PBXSourcesBuildPhase;
			buildActionMask = 2147483647;
			files = (
				CA42D8DF1E266CE800A1F574 /* Utils.m in Sources */,
				1A1F8A391E260DA400E2A0FA /* SignUpSegue.m in Sources */,
				1AE44A191E306A0D00C9A1CF /* TalkViewController.m in Sources */,
				1A718BE21E31E3F600ABAE8B /* PlaceCell.m in Sources */,
				1A3E0E921E2893080059C6F7 /* RootViewController.m in Sources */,
				1AE44A271E307EA400C9A1CF /* MapView.m in Sources */,
				CA34B0231E31194400556C49 /* DUSpinnerView.m in Sources */,
				163570361D5B02B50093CDF5 /* AppDelegate.m in Sources */,
				CA9159A41E34D636001DB5CD /* GasPlaceCell.m in Sources */,
				1A3E0E981E2893D40059C6F7 /* MenuViewController.m in Sources */,
				1AE44A1C1E306A1E00C9A1CF /* PromotionViewController.m in Sources */,
				163570331D5B02B50093CDF5 /* main.m in Sources */,
				CA9159861E34BD70001DB5CD /* GasManager.m in Sources */,
				1A823F1B1E2C74ED009CDB52 /* MenuHeader.m in Sources */,
				CA91597F1E34B7F6001DB5CD /* GasStation.m in Sources */,
				1A1F8A361E260A2900E2A0FA /* SignUpViewController.m in Sources */,
				CA34B01F1E31164A00556C49 /* DUSwipeMenuViewController.m in Sources */,
				163570691D5C24AD0093CDF5 /* MainViewController.m in Sources */,
				163570661D5B0B090093CDF5 /* DirectionService.m in Sources */,
				1AE44A4D1E30BDDC00C9A1CF /* PlaceDetailViewController.m in Sources */,
				1AE44A241E307E5300C9A1CF /* PlaceMapCell.m in Sources */,
				1A1F8A271E24C28B00E2A0FA /* LoginViewController.m in Sources */,
				1A909DBB1E35A5B300919395 /* StartMapViewController.m in Sources */,
				1A9A3B7C1E3887F2003D6A4C /* Place.m in Sources */,
				1A823F1F1E2C7615009CDB52 /* MenuCell.m in Sources */,
				CA9159821E34BA25001DB5CD /* PlacesManager.m in Sources */,
				1A823F231E2C7A67009CDB52 /* User.m in Sources */,
				1A2793B61E28D1EC00F15658 /* PlaceViewController.m in Sources */,
				CA42D8DC1E266C7800A1F574 /* NSString+Utils.m in Sources */,
			);
			runOnlyForDeploymentPostprocessing = 0;
		};
		163570431D5B02B50093CDF5 /* Sources */ = {
			isa = PBXSourcesBuildPhase;
			buildActionMask = 2147483647;
			files = (
				1635704C1D5B02B50093CDF5 /* HaNoiTravelTests.m in Sources */,
			);
			runOnlyForDeploymentPostprocessing = 0;
		};
		1635704E1D5B02B50093CDF5 /* Sources */ = {
			isa = PBXSourcesBuildPhase;
			buildActionMask = 2147483647;
			files = (
				163570571D5B02B50093CDF5 /* HaNoiTravelUITests.m in Sources */,
			);
			runOnlyForDeploymentPostprocessing = 0;
		};
/* End PBXSourcesBuildPhase section */

/* Begin PBXTargetDependency section */
		163570491D5B02B50093CDF5 /* PBXTargetDependency */ = {
			isa = PBXTargetDependency;
			target = 1635702D1D5B02B50093CDF5 /* HaNoiTravel */;
			targetProxy = 163570481D5B02B50093CDF5 /* PBXContainerItemProxy */;
		};
		163570541D5B02B50093CDF5 /* PBXTargetDependency */ = {
			isa = PBXTargetDependency;
			target = 1635702D1D5B02B50093CDF5 /* HaNoiTravel */;
			targetProxy = 163570531D5B02B50093CDF5 /* PBXContainerItemProxy */;
		};
/* End PBXTargetDependency section */

/* Begin PBXVariantGroup section */
		1635703A1D5B02B50093CDF5 /* Main.storyboard */ = {
			isa = PBXVariantGroup;
			children = (
				1635703B1D5B02B50093CDF5 /* Base */,
			);
			name = Main.storyboard;
			sourceTree = "<group>";
		};
		1635703F1D5B02B50093CDF5 /* LaunchScreen.storyboard */ = {
			isa = PBXVariantGroup;
			children = (
				163570401D5B02B50093CDF5 /* Base */,
			);
			name = LaunchScreen.storyboard;
			sourceTree = "<group>";
		};
/* End PBXVariantGroup section */

/* Begin XCBuildConfiguration section */
		163570591D5B02B50093CDF5 /* Debug */ = {
			isa = XCBuildConfiguration;
			buildSettings = {
				ALWAYS_SEARCH_USER_PATHS = NO;
				CLANG_ANALYZER_NONNULL = YES;
				CLANG_CXX_LANGUAGE_STANDARD = "gnu++0x";
				CLANG_CXX_LIBRARY = "libc++";
				CLANG_ENABLE_MODULES = YES;
				CLANG_ENABLE_OBJC_ARC = YES;
				CLANG_WARN_BOOL_CONVERSION = YES;
				CLANG_WARN_CONSTANT_CONVERSION = YES;
				CLANG_WARN_DIRECT_OBJC_ISA_USAGE = YES_ERROR;
				CLANG_WARN_EMPTY_BODY = YES;
				CLANG_WARN_ENUM_CONVERSION = YES;
				CLANG_WARN_INFINITE_RECURSION = YES;
				CLANG_WARN_INT_CONVERSION = YES;
				CLANG_WARN_OBJC_ROOT_CLASS = YES_ERROR;
				CLANG_WARN_SUSPICIOUS_MOVE = YES;
				CLANG_WARN_UNREACHABLE_CODE = YES;
				CLANG_WARN__DUPLICATE_METHOD_MATCH = YES;
				"CODE_SIGN_IDENTITY[sdk=iphoneos*]" = "iPhone Developer";
				COPY_PHASE_STRIP = NO;
				DEBUG_INFORMATION_FORMAT = dwarf;
				ENABLE_STRICT_OBJC_MSGSEND = YES;
				ENABLE_TESTABILITY = YES;
				GCC_C_LANGUAGE_STANDARD = gnu99;
				GCC_DYNAMIC_NO_PIC = NO;
				GCC_NO_COMMON_BLOCKS = YES;
				GCC_OPTIMIZATION_LEVEL = 0;
				GCC_PREPROCESSOR_DEFINITIONS = (
					"DEBUG=1",
					"$(inherited)",
				);
				GCC_WARN_64_TO_32_BIT_CONVERSION = YES;
				GCC_WARN_ABOUT_RETURN_TYPE = YES_ERROR;
				GCC_WARN_UNDECLARED_SELECTOR = YES;
				GCC_WARN_UNINITIALIZED_AUTOS = YES_AGGRESSIVE;
				GCC_WARN_UNUSED_FUNCTION = YES;
				GCC_WARN_UNUSED_VARIABLE = YES;
				IPHONEOS_DEPLOYMENT_TARGET = 9.3;
				MTL_ENABLE_DEBUG_INFO = YES;
				ONLY_ACTIVE_ARCH = YES;
				SDKROOT = iphoneos;
				TARGETED_DEVICE_FAMILY = "1,2";
			};
			name = Debug;
		};
		1635705A1D5B02B50093CDF5 /* Release */ = {
			isa = XCBuildConfiguration;
			buildSettings = {
				ALWAYS_SEARCH_USER_PATHS = NO;
				CLANG_ANALYZER_NONNULL = YES;
				CLANG_CXX_LANGUAGE_STANDARD = "gnu++0x";
				CLANG_CXX_LIBRARY = "libc++";
				CLANG_ENABLE_MODULES = YES;
				CLANG_ENABLE_OBJC_ARC = YES;
				CLANG_WARN_BOOL_CONVERSION = YES;
				CLANG_WARN_CONSTANT_CONVERSION = YES;
				CLANG_WARN_DIRECT_OBJC_ISA_USAGE = YES_ERROR;
				CLANG_WARN_EMPTY_BODY = YES;
				CLANG_WARN_ENUM_CONVERSION = YES;
				CLANG_WARN_INFINITE_RECURSION = YES;
				CLANG_WARN_INT_CONVERSION = YES;
				CLANG_WARN_OBJC_ROOT_CLASS = YES_ERROR;
				CLANG_WARN_SUSPICIOUS_MOVE = YES;
				CLANG_WARN_UNREACHABLE_CODE = YES;
				CLANG_WARN__DUPLICATE_METHOD_MATCH = YES;
				"CODE_SIGN_IDENTITY[sdk=iphoneos*]" = "iPhone Developer";
				COPY_PHASE_STRIP = NO;
				DEBUG_INFORMATION_FORMAT = "dwarf-with-dsym";
				ENABLE_NS_ASSERTIONS = NO;
				ENABLE_STRICT_OBJC_MSGSEND = YES;
				GCC_C_LANGUAGE_STANDARD = gnu99;
				GCC_NO_COMMON_BLOCKS = YES;
				GCC_WARN_64_TO_32_BIT_CONVERSION = YES;
				GCC_WARN_ABOUT_RETURN_TYPE = YES_ERROR;
				GCC_WARN_UNDECLARED_SELECTOR = YES;
				GCC_WARN_UNINITIALIZED_AUTOS = YES_AGGRESSIVE;
				GCC_WARN_UNUSED_FUNCTION = YES;
				GCC_WARN_UNUSED_VARIABLE = YES;
				IPHONEOS_DEPLOYMENT_TARGET = 9.3;
				MTL_ENABLE_DEBUG_INFO = NO;
				SDKROOT = iphoneos;
				TARGETED_DEVICE_FAMILY = "1,2";
				VALIDATE_PRODUCT = YES;
			};
			name = Release;
		};
		1635705C1D5B02B50093CDF5 /* Debug */ = {
			isa = XCBuildConfiguration;
			baseConfigurationReference = 8F8408FA8DF0472614964C22 /* Pods-HaNoiTravel.debug.xcconfig */;
			buildSettings = {
				ASSETCATALOG_COMPILER_APPICON_NAME = AppIcon;
				CODE_SIGN_ENTITLEMENTS = HaNoiTravel/HaNoiTravel.entitlements;
				DEVELOPMENT_TEAM = 9ZZR5T4Q5D;
				INFOPLIST_FILE = HaNoiTravel/Info.plist;
				IPHONEOS_DEPLOYMENT_TARGET = 8.0;
				LD_RUNPATH_SEARCH_PATHS = "$(inherited) @executable_path/Frameworks";
				PRODUCT_BUNDLE_IDENTIFIER = com.dreamup.HaNoiPlaces;
				PRODUCT_NAME = HaNoiPlaces;
			};
			name = Debug;
		};
		1635705D1D5B02B50093CDF5 /* Release */ = {
			isa = XCBuildConfiguration;
			baseConfigurationReference = 98E89EB3F93B6D26F79BB7D7 /* Pods-HaNoiTravel.release.xcconfig */;
			buildSettings = {
				ASSETCATALOG_COMPILER_APPICON_NAME = AppIcon;
				CODE_SIGN_ENTITLEMENTS = HaNoiTravel/HaNoiTravel.entitlements;
				DEVELOPMENT_TEAM = 9ZZR5T4Q5D;
				INFOPLIST_FILE = HaNoiTravel/Info.plist;
				IPHONEOS_DEPLOYMENT_TARGET = 8.0;
				LD_RUNPATH_SEARCH_PATHS = "$(inherited) @executable_path/Frameworks";
				PRODUCT_BUNDLE_IDENTIFIER = com.dreamup.HaNoiPlaces;
				PRODUCT_NAME = HaNoiPlaces;
			};
			name = Release;
		};
		1635705F1D5B02B50093CDF5 /* Debug */ = {
			isa = XCBuildConfiguration;
			buildSettings = {
				BUNDLE_LOADER = "$(TEST_HOST)";
				INFOPLIST_FILE = HaNoiTravelTests/Info.plist;
				LD_RUNPATH_SEARCH_PATHS = "$(inherited) @executable_path/Frameworks @loader_path/Frameworks";
				PRODUCT_BUNDLE_IDENTIFIER = com.dreamup.HaNoiTravelTests;
				PRODUCT_NAME = "$(TARGET_NAME)";
				TEST_HOST = "$(BUILT_PRODUCTS_DIR)/HaNoiTravel.app/HaNoiTravel";
			};
			name = Debug;
		};
		163570601D5B02B50093CDF5 /* Release */ = {
			isa = XCBuildConfiguration;
			buildSettings = {
				BUNDLE_LOADER = "$(TEST_HOST)";
				INFOPLIST_FILE = HaNoiTravelTests/Info.plist;
				LD_RUNPATH_SEARCH_PATHS = "$(inherited) @executable_path/Frameworks @loader_path/Frameworks";
				PRODUCT_BUNDLE_IDENTIFIER = com.dreamup.HaNoiTravelTests;
				PRODUCT_NAME = "$(TARGET_NAME)";
				TEST_HOST = "$(BUILT_PRODUCTS_DIR)/HaNoiTravel.app/HaNoiTravel";
			};
			name = Release;
		};
		163570621D5B02B50093CDF5 /* Debug */ = {
			isa = XCBuildConfiguration;
			buildSettings = {
				INFOPLIST_FILE = HaNoiTravelUITests/Info.plist;
				LD_RUNPATH_SEARCH_PATHS = "$(inherited) @executable_path/Frameworks @loader_path/Frameworks";
				PRODUCT_BUNDLE_IDENTIFIER = com.dreamup.HaNoiTravelUITests;
				PRODUCT_NAME = "$(TARGET_NAME)";
				TEST_TARGET_NAME = HaNoiTravel;
			};
			name = Debug;
		};
		163570631D5B02B50093CDF5 /* Release */ = {
			isa = XCBuildConfiguration;
			buildSettings = {
				INFOPLIST_FILE = HaNoiTravelUITests/Info.plist;
				LD_RUNPATH_SEARCH_PATHS = "$(inherited) @executable_path/Frameworks @loader_path/Frameworks";
				PRODUCT_BUNDLE_IDENTIFIER = com.dreamup.HaNoiTravelUITests;
				PRODUCT_NAME = "$(TARGET_NAME)";
				TEST_TARGET_NAME = HaNoiTravel;
			};
			name = Release;
		};
/* End XCBuildConfiguration section */

/* Begin XCConfigurationList section */
		163570291D5B02B40093CDF5 /* Build configuration list for PBXProject "HaNoiTravel" */ = {
			isa = XCConfigurationList;
			buildConfigurations = (
				163570591D5B02B50093CDF5 /* Debug */,
				1635705A1D5B02B50093CDF5 /* Release */,
			);
			defaultConfigurationIsVisible = 0;
			defaultConfigurationName = Release;
		};
		1635705B1D5B02B50093CDF5 /* Build configuration list for PBXNativeTarget "HaNoiTravel" */ = {
			isa = XCConfigurationList;
			buildConfigurations = (
				1635705C1D5B02B50093CDF5 /* Debug */,
				1635705D1D5B02B50093CDF5 /* Release */,
			);
			defaultConfigurationIsVisible = 0;
			defaultConfigurationName = Release;
		};
		1635705E1D5B02B50093CDF5 /* Build configuration list for PBXNativeTarget "HaNoiTravelTests" */ = {
			isa = XCConfigurationList;
			buildConfigurations = (
				1635705F1D5B02B50093CDF5 /* Debug */,
				163570601D5B02B50093CDF5 /* Release */,
			);
			defaultConfigurationIsVisible = 0;
			defaultConfigurationName = Release;
		};
		163570611D5B02B50093CDF5 /* Build configuration list for PBXNativeTarget "HaNoiTravelUITests" */ = {
			isa = XCConfigurationList;
			buildConfigurations = (
				163570621D5B02B50093CDF5 /* Debug */,
				163570631D5B02B50093CDF5 /* Release */,
			);
			defaultConfigurationIsVisible = 0;
			defaultConfigurationName = Release;
		};
/* End XCConfigurationList section */
	};
	rootObject = 163570261D5B02B40093CDF5 /* Project object */;
}
